// !$*UTF8*$!
{
	archiveVersion = 1;
	classes = {
	};
	objectVersion = 46;
	objects = {

/* Begin PBXBuildFile section */
		6D1C681C1C13179F001DE0C1 /* main.m in Sources */ = {isa = PBXBuildFile; fileRef = 6D1C681B1C13179F001DE0C1 /* main.m */; };
		6D1C681F1C13179F001DE0C1 /* AppDelegate.m in Sources */ = {isa = PBXBuildFile; fileRef = 6D1C681E1C13179F001DE0C1 /* AppDelegate.m */; };
		6D1C68221C13179F001DE0C1 /* ViewController.m in Sources */ = {isa = PBXBuildFile; fileRef = 6D1C68211C13179F001DE0C1 /* ViewController.m */; };
		6D1C68251C13179F001DE0C1 /* Main.storyboard in Resources */ = {isa = PBXBuildFile; fileRef = 6D1C68231C13179F001DE0C1 /* Main.storyboard */; };
		6D1C68281C13179F001DE0C1 /* CoreDataWithArray.xcdatamodeld in Sources */ = {isa = PBXBuildFile; fileRef = 6D1C68261C13179F001DE0C1 /* CoreDataWithArray.xcdatamodeld */; };
		6D1C682A1C13179F001DE0C1 /* Assets.xcassets in Resources */ = {isa = PBXBuildFile; fileRef = 6D1C68291C13179F001DE0C1 /* Assets.xcassets */; };
		6D1C682D1C13179F001DE0C1 /* LaunchScreen.storyboard in Resources */ = {isa = PBXBuildFile; fileRef = 6D1C682B1C13179F001DE0C1 /* LaunchScreen.storyboard */; };
		6D1C683B1C13244F001DE0C1 /* Array+CoreDataProperties.m in Sources */ = {isa = PBXBuildFile; fileRef = 6D1C68381C13244F001DE0C1 /* Array+CoreDataProperties.m */; settings = {ASSET_TAGS = (); }; };
		6D1C683C1C13244F001DE0C1 /* Array.m in Sources */ = {isa = PBXBuildFile; fileRef = 6D1C683A1C13244F001DE0C1 /* Array.m */; settings = {ASSET_TAGS = (); }; };
/* End PBXBuildFile section */

/* Begin PBXFileReference section */
		6D1C68171C13179F001DE0C1 /* CoreDataWithArray.app */ = {isa = PBXFileReference; explicitFileType = wrapper.application; includeInIndex = 0; path = CoreDataWithArray.app; sourceTree = BUILT_PRODUCTS_DIR; };
		6D1C681B1C13179F001DE0C1 /* main.m */ = {isa = PBXFileReference; lastKnownFileType = sourcecode.c.objc; path = main.m; sourceTree = "<group>"; };
		6D1C681D1C13179F001DE0C1 /* AppDelegate.h */ = {isa = PBXFileReference; lastKnownFileType = sourcecode.c.h; path = AppDelegate.h; sourceTree = "<group>"; };
		6D1C681E1C13179F001DE0C1 /* AppDelegate.m */ = {isa = PBXFileReference; lastKnownFileType = sourcecode.c.objc; path = AppDelegate.m; sourceTree = "<group>"; };
		6D1C68201C13179F001DE0C1 /* ViewController.h */ = {isa = PBXFileReference; lastKnownFileType = sourcecode.c.h; path = ViewController.h; sourceTree = "<group>"; };
		6D1C68211C13179F001DE0C1 /* ViewController.m */ = {isa = PBXFileReference; lastKnownFileType = sourcecode.c.objc; path = ViewController.m; sourceTree = "<group>"; };
		6D1C68241C13179F001DE0C1 /* Base */ = {isa = PBXFileReference; lastKnownFileType = file.storyboard; name = Base; path = Base.lproj/Main.storyboard; sourceTree = "<group>"; };
		6D1C68271C13179F001DE0C1 /* CoreDataWithArray.xcdatamodel */ = {isa = PBXFileReference; lastKnownFileType = wrapper.xcdatamodel; path = CoreDataWithArray.xcdatamodel; sourceTree = "<group>"; };
		6D1C68291C13179F001DE0C1 /* Assets.xcassets */ = {isa = PBXFileReference; lastKnownFileType = folder.assetcatalog; path = Assets.xcassets; sourceTree = "<group>"; };
		6D1C682C1C13179F001DE0C1 /* Base */ = {isa = PBXFileReference; lastKnownFileType = file.storyboard; name = Base; path = Base.lproj/LaunchScreen.storyboard; sourceTree = "<group>"; };
		6D1C682E1C13179F001DE0C1 /* Info.plist */ = {isa = PBXFileReference; lastKnownFileType = text.plist.xml; path = Info.plist; sourceTree = "<group>"; };
		6D1C68371C13244F001DE0C1 /* Array+CoreDataProperties.h */ = {isa = PBXFileReference; fileEncoding = 4; lastKnownFileType = sourcecode.c.h; path = "Array+CoreDataProperties.h"; sourceTree = "<group>"; };
		6D1C68381C13244F001DE0C1 /* Array+CoreDataProperties.m */ = {isa = PBXFileReference; fileEncoding = 4; lastKnownFileType = sourcecode.c.objc; path = "Array+CoreDataProperties.m"; sourceTree = "<group>"; };
		6D1C68391C13244F001DE0C1 /* Array.h */ = {isa = PBXFileReference; fileEncoding = 4; lastKnownFileType = sourcecode.c.h; path = Array.h; sourceTree = "<group>"; };
		6D1C683A1C13244F001DE0C1 /* Array.m */ = {isa = PBXFileReference; fileEncoding = 4; lastKnownFileType = sourcecode.c.objc; path = Array.m; sourceTree = "<group>"; };
/* End PBXFileReference section */

/* Begin PBXFrameworksBuildPhase section */
		6D1C68141C13179F001DE0C1 /* Frameworks */ = {
			isa = PBXFrameworksBuildPhase;
			buildActionMask = 2147483647;
			files = (
			);
			runOnlyForDeploymentPostprocessing = 0;
		};
/* End PBXFrameworksBuildPhase section */

/* Begin PBXGroup section */
		6D1C680E1C13179F001DE0C1 = {
			isa = PBXGroup;
			children = (
				6D1C68191C13179F001DE0C1 /* CoreDataWithArray */,
				6D1C68181C13179F001DE0C1 /* Products */,
			);
			sourceTree = "<group>";
		};
		6D1C68181C13179F001DE0C1 /* Products */ = {
			isa = PBXGroup;
			children = (
				6D1C68171C13179F001DE0C1 /* CoreDataWithArray.app */,
			);
			name = Products;
			sourceTree = "<group>";
		};
		6D1C68191C13179F001DE0C1 /* CoreDataWithArray */ = {
			isa = PBXGroup;
			children = (
				6D1C683D1C1327A0001DE0C1 /* Entity */,
				6D1C681D1C13179F001DE0C1 /* AppDelegate.h */,
				6D1C681E1C13179F001DE0C1 /* AppDelegate.m */,
				6D1C68201C13179F001DE0C1 /* ViewController.h */,
				6D1C68211C13179F001DE0C1 /* ViewController.m */,
				6D1C68231C13179F001DE0C1 /* Main.storyboard */,
				6D1C68291C13179F001DE0C1 /* Assets.xcassets */,
				6D1C682B1C13179F001DE0C1 /* LaunchScreen.storyboard */,
				6D1C682E1C13179F001DE0C1 /* Info.plist */,
				6D1C68261C13179F001DE0C1 /* CoreDataWithArray.xcdatamodeld */,
				6D1C681A1C13179F001DE0C1 /* Supporting Files */,
			);
			path = CoreDataWithArray;
			sourceTree = "<group>";
		};
		6D1C681A1C13179F001DE0C1 /* Supporting Files */ = {
			isa = PBXGroup;
			children = (
				6D1C681B1C13179F001DE0C1 /* main.m */,
			);
			name = "Supporting Files";
			sourceTree = "<group>";
		};
		6D1C683D1C1327A0001DE0C1 /* Entity */ = {
			isa = PBXGroup;
			children = (
				6D1C68371C13244F001DE0C1 /* Array+CoreDataProperties.h */,
				6D1C68381C13244F001DE0C1 /* Array+CoreDataProperties.m */,
				6D1C68391C13244F001DE0C1 /* Array.h */,
				6D1C683A1C13244F001DE0C1 /* Array.m */,
			);
			name = Entity;
			sourceTree = "<group>";
		};
/* End PBXGroup section */

/* Begin PBXNativeTarget section */
		6D1C68161C13179F001DE0C1 /* CoreDataWithArray */ = {
			isa = PBXNativeTarget;
			buildConfigurationList = 6D1C68311C13179F001DE0C1 /* Build configuration list for PBXNativeTarget "CoreDataWithArray" */;
			buildPhases = (
				6D1C68131C13179F001DE0C1 /* Sources */,
				6D1C68141C13179F001DE0C1 /* Frameworks */,
				6D1C68151C13179F001DE0C1 /* Resources */,
			);
			buildRules = (
			);
			dependencies = (
			);
			name = CoreDataWithArray;
			productName = CoreDataWithArray;
			productReference = 6D1C68171C13179F001DE0C1 /* CoreDataWithArray.app */;
			productType = "com.apple.product-type.application";
		};
/* End PBXNativeTarget section */

/* Begin PBXProject section */
		6D1C680F1C13179F001DE0C1 /* Project object */ = {
			isa = PBXProject;
			attributes = {
				LastUpgradeCheck = 0700;
				ORGANIZATIONNAME = Kid;
				TargetAttributes = {
					6D1C68161C13179F001DE0C1 = {
						CreatedOnToolsVersion = 7.0.1;
					};
				};
			};
			buildConfigurationList = 6D1C68121C13179F001DE0C1 /* Build configuration list for PBXProject "CoreDataWithArray" */;
			compatibilityVersion = "Xcode 3.2";
			developmentRegion = English;
			hasScannedForEncodings = 0;
			knownRegions = (
				en,
				Base,
			);
			mainGroup = 6D1C680E1C13179F001DE0C1;
			productRefGroup = 6D1C68181C13179F001DE0C1 /* Products */;
			projectDirPath = "";
			projectRoot = "";
			targets = (
				6D1C68161C13179F001DE0C1 /* CoreDataWithArray */,
			);
		};
/* End PBXProject section */

/* Begin PBXResourcesBuildPhase section */
		6D1C68151C13179F001DE0C1 /* Resources */ = {
			isa = PBXResourcesBuildPhase;
			buildActionMask = 2147483647;
			files = (
				6D1C682D1C13179F001DE0C1 /* LaunchScreen.storyboard in Resources */,
				6D1C682A1C13179F001DE0C1 /* Assets.xcassets in Resources */,
				6D1C68251C13179F001DE0C1 /* Main.storyboard in Resources */,
			);
			runOnlyForDeploymentPostprocessing = 0;
		};
/* End PBXResourcesBuildPhase section */

/* Begin PBXSourcesBuildPhase section */
		6D1C68131C13179F001DE0C1 /* Sources */ = {
			isa = PBXSourcesBuildPhase;
			buildActionMask = 2147483647;
			files = (
				6D1C68281C13179F001DE0C1 /* CoreDataWithArray.xcdatamodeld in Sources */,
				6D1C683B1C13244F001DE0C1 /* Array+CoreDataProperties.m in Sources */,
				6D1C68221C13179F001DE0C1 /* ViewController.m in Sources */,
				6D1C683C1C13244F001DE0C1 /* Array.m in Sources */,
				6D1C681F1C13179F001DE0C1 /* AppDelegate.m in Sources */,
				6D1C681C1C13179F001DE0C1 /* main.m in Sources */,
			);
			runOnlyForDeploymentPostprocessing = 0;
		};
/* End PBXSourcesBuildPhase section */

/* Begin PBXVariantGroup section */
		6D1C68231C13179F001DE0C1 /* Main.storyboard */ = {
			isa = PBXVariantGroup;
			children = (
				6D1C68241C13179F001DE0C1 /* Base */,
			);
			name = Main.storyboard;
			sourceTree = "<group>";
		};
		6D1C682B1C13179F001DE0C1 /* LaunchScreen.storyboard */ = {
			isa = PBXVariantGroup;
			children = (
				6D1C682C1C13179F001DE0C1 /* Base */,
			);
			name = LaunchScreen.storyboard;
			sourceTree = "<group>";
		};
/* End PBXVariantGroup section */

/* Begin XCBuildConfiguration section */
		6D1C682F1C13179F001DE0C1 /* Debug */ = {
			isa = XCBuildConfiguration;
			buildSettings = {
				ALWAYS_SEARCH_USER_PATHS = NO;
				CLANG_CXX_LANGUAGE_STANDARD = "gnu++0x";
				CLANG_CXX_LIBRARY = "libc++";
				CLANG_ENABLE_MODULES = YES;
				CLANG_ENABLE_OBJC_ARC = YES;
				CLANG_WARN_BOOL_CONVERSION = YES;
				CLANG_WARN_CONSTANT_CONVERSION = YES;
				CLANG_WARN_DIRECT_OBJC_ISA_USAGE = YES_ERROR;
				CLANG_WARN_EMPTY_BODY = YES;
				CLANG_WARN_ENUM_CONVERSION = YES;
				CLANG_WARN_INT_CONVERSION = YES;
				CLANG_WARN_OBJC_ROOT_CLASS = YES_ERROR;
				CLANG_WARN_UNREACHABLE_CODE = YES;
				CLANG_WARN__DUPLICATE_METHOD_MATCH = YES;
				"CODE_SIGN_IDENTITY[sdk=iphoneos*]" = "iPhone Developer";
				COPY_PHASE_STRIP = NO;
				DEBUG_INFORMATION_FORMAT = dwarf;
				ENABLE_STRICT_OBJC_MSGSEND = YES;
				ENABLE_TESTABILITY = YES;
				GCC_C_LANGUAGE_STANDARD = gnu99;
				GCC_DYNAMIC_NO_PIC = NO;
				GCC_NO_COMMON_BLOCKS = YES;
				GCC_OPTIMIZATION_LEVEL = 0;
				GCC_PREPROCESSOR_DEFINITIONS = (
					"DEBUG=1",
					"$(inherited)",
				);
				GCC_WARN_64_TO_32_BIT_CONVERSION = YES;
				GCC_WARN_ABOUT_RETURN_TYPE = YES_ERROR;
				GCC_WARN_UNDECLARED_SELECTOR = YES;
				GCC_WARN_UNINITIALIZED_AUTOS = YES_AGGRESSIVE;
				GCC_WARN_UNUSED_FUNCTION = YES;
				GCC_WARN_UNUSED_VARIABLE = YES;
				IPHONEOS_DEPLOYMENT_TARGET = 9.0;
				MTL_ENABLE_DEBUG_INFO = YES;
				ONLY_ACTIVE_ARCH = YES;
				SDKROOT = iphoneos;
			};
			name = Debug;
		};
		6D1C68301C13179F001DE0C1 /* Release */ = {
			isa = XCBuildConfiguration;
			buildSettings = {
				ALWAYS_SEARCH_USER_PATHS = NO;
				CLANG_CXX_LANGUAGE_STANDARD = "gnu++0x";
				CLANG_CXX_LIBRARY = "libc++";
				CLANG_ENABLE_MODULES = YES;
				CLANG_ENABLE_OBJC_ARC = YES;
				CLANG_WARN_BOOL_CONVERSION = YES;
				CLANG_WARN_CONSTANT_CONVERSION = YES;
				CLANG_WARN_DIRECT_OBJC_ISA_USAGE = YES_ERROR;
				CLANG_WARN_EMPTY_BODY = YES;
				CLANG_WARN_ENUM_CONVERSION = YES;
				CLANG_WARN_INT_CONVERSION = YES;
				CLANG_WARN_OBJC_ROOT_CLASS = YES_ERROR;
				CLANG_WARN_UNREACHABLE_CODE = YES;
				CLANG_WARN__DUPLICATE_METHOD_MATCH = YES;
				"CODE_SIGN_IDENTITY[sdk=iphoneos*]" = "iPhone Developer";
				COPY_PHASE_STRIP = NO;
				DEBUG_INFORMATION_FORMAT = "dwarf-with-dsym";
				ENABLE_NS_ASSERTIONS = NO;
				ENABLE_STRICT_OBJC_MSGSEND = YES;
				GCC_C_LANGUAGE_STANDARD = gnu99;
				GCC_NO_COMMON_BLOCKS = YES;
				GCC_WARN_64_TO_32_BIT_CONVERSION = YES;
				GCC_WARN_ABOUT_RETURN_TYPE = YES_ERROR;
				GCC_WARN_UNDECLARED_SELECTOR = YES;
				GCC_WARN_UNINITIALIZED_AUTOS = YES_AGGRESSIVE;
				GCC_WARN_UNUSED_FUNCTION = YES;
				GCC_WARN_UNUSED_VARIABLE = YES;
				IPHONEOS_DEPLOYMENT_TARGET = 9.0;
				MTL_ENABLE_DEBUG_INFO = NO;
				SDKROOT = iphoneos;
				VALIDATE_PRODUCT = YES;
			};
			name = Release;
		};
		6D1C68321C13179F001DE0C1 /* Debug */ = {
			isa = XCBuildConfiguration;
			buildSettings = {
				ASSETCATALOG_COMPILER_APPICON_NAME = AppIcon;
				INFOPLIST_FILE = CoreDataWithArray/Info.plist;
				LD_RUNPATH_SEARCH_PATHS = "$(inherited) @executable_path/Frameworks";
				PRODUCT_BUNDLE_IDENTIFIER = com.kid.CoreDataWithArray;
				PRODUCT_NAME = "$(TARGET_NAME)";
			};
			name = Debug;
		};
		6D1C68331C13179F001DE0C1 /* Release */ = {
			isa = XCBuildConfiguration;
			buildSettings = {
				ASSETCATALOG_COMPILER_APPICON_NAME = AppIcon;
				INFOPLIST_FILE = CoreDataWithArray/Info.plist;
				LD_RUNPATH_SEARCH_PATHS = "$(inherited) @executable_path/Frameworks";
				PRODUCT_BUNDLE_IDENTIFIER = com.kid.CoreDataWithArray;
				PRODUCT_NAME = "$(TARGET_NAME)";
			};
			name = Release;
		};
/* End XCBuildConfiguration section */

/* Begin XCConfigurationList section */
		6D1C68121C13179F001DE0C1 /* Build configuration list for PBXProject "CoreDataWithArray" */ = {
			isa = XCConfigurationList;
			buildConfigurations = (
				6D1C682F1C13179F001DE0C1 /* Debug */,
				6D1C68301C13179F001DE0C1 /* Release */,
			);
			defaultConfigurationIsVisible = 0;
			defaultConfigurationName = Release;
		};
		6D1C68311C13179F001DE0C1 /* Build configuration list for PBXNativeTarget "CoreDataWithArray" */ = {
			isa = XCConfigurationList;
			buildConfigurations = (
				6D1C68321C13179F001DE0C1 /* Debug */,
				6D1C68331C13179F001DE0C1 /* Release */,
			);
			defaultConfigurationIsVisible = 0;
		};
/* End XCConfigurationList section */

/* Begin XCVersionGroup section */
		6D1C68261C13179F001DE0C1 /* CoreDataWithArray.xcdatamodeld */ = {
			isa = XCVersionGroup;
			children = (
				6D1C68271C13179F001DE0C1 /* CoreDataWithArray.xcdatamodel */,
			);
			currentVersion = 6D1C68271C13179F001DE0C1 /* CoreDataWithArray.xcdatamodel */;
			path = CoreDataWithArray.xcdatamodeld;
			sourceTree = "<group>";
			versionGroupType = wrapper.xcdatamodel;
		};
/* End XCVersionGroup section */
	};
	rootObject = 6D1C680F1C13179F001DE0C1 /* Project object */;
}
